// !$*UTF8*$!
{
	archiveVersion = 1;
	classes = {
	};
	objectVersion = 46;
	objects = {

/* Begin PBXBuildFile section */
		B50912BD1C650BCA00F82B77 /* UIImageView+DownloadImage.swift in Sources */ = {isa = PBXBuildFile; fileRef = B50912BC1C650BCA00F82B77 /* UIImageView+DownloadImage.swift */; settings = {ASSET_TAGS = (); }; };
		B50A4A411C6548D600805006 /* DetailViewController.swift in Sources */ = {isa = PBXBuildFile; fileRef = B50A4A401C6548D600805006 /* DetailViewController.swift */; settings = {ASSET_TAGS = (); }; };
		B50A4A431C6558D800805006 /* DimmingPresentationController.swift in Sources */ = {isa = PBXBuildFile; fileRef = B50A4A421C6558D800805006 /* DimmingPresentationController.swift */; settings = {ASSET_TAGS = (); }; };
		B575D5E01C67FFB6001C00AF /* GradientView.swift in Sources */ = {isa = PBXBuildFile; fileRef = B575D5DF1C67FFB6001C00AF /* GradientView.swift */; settings = {ASSET_TAGS = (); }; };
		B575D5E21C68F282001C00AF /* BounceAnimationController.swift in Sources */ = {isa = PBXBuildFile; fileRef = B575D5E11C68F282001C00AF /* BounceAnimationController.swift */; settings = {ASSET_TAGS = (); }; };
		B5F91A9A1C5D667C008E11AD /* AppDelegate.swift in Sources */ = {isa = PBXBuildFile; fileRef = B5F91A991C5D667C008E11AD /* AppDelegate.swift */; };
		B5F91A9C1C5D667C008E11AD /* SearchViewController.swift in Sources */ = {isa = PBXBuildFile; fileRef = B5F91A9B1C5D667C008E11AD /* SearchViewController.swift */; };
		B5F91A9F1C5D667C008E11AD /* Main.storyboard in Resources */ = {isa = PBXBuildFile; fileRef = B5F91A9D1C5D667C008E11AD /* Main.storyboard */; };
		B5F91AA11C5D667C008E11AD /* Assets.xcassets in Resources */ = {isa = PBXBuildFile; fileRef = B5F91AA01C5D667C008E11AD /* Assets.xcassets */; };
		B5F91AAC1C5E5C17008E11AD /* SearchResultCell.xib in Resources */ = {isa = PBXBuildFile; fileRef = B5F91AAB1C5E5C17008E11AD /* SearchResultCell.xib */; settings = {ASSET_TAGS = (); }; };
		B5F91AB01C5E6E14008E11AD /* SearchResultCell.swift in Sources */ = {isa = PBXBuildFile; fileRef = B5F91AAF1C5E6E14008E11AD /* SearchResultCell.swift */; settings = {ASSET_TAGS = (); }; };
		B5F91AB21C5E7966008E11AD /* NothingFoundCell.xib in Resources */ = {isa = PBXBuildFile; fileRef = B5F91AB11C5E7966008E11AD /* NothingFoundCell.xib */; settings = {ASSET_TAGS = (); }; };
		B5FAAF2A1C625AC7008E7B37 /* LoadingCell.xib in Resources */ = {isa = PBXBuildFile; fileRef = B5FAAF291C625AC7008E7B37 /* LoadingCell.xib */; settings = {ASSET_TAGS = (); }; };
/* End PBXBuildFile section */

/* Begin PBXFileReference section */
		B50912BC1C650BCA00F82B77 /* UIImageView+DownloadImage.swift */ = {isa = PBXFileReference; fileEncoding = 4; lastKnownFileType = sourcecode.swift; path = "UIImageView+DownloadImage.swift"; sourceTree = "<group>"; };
		B50A4A401C6548D600805006 /* DetailViewController.swift */ = {isa = PBXFileReference; fileEncoding = 4; lastKnownFileType = sourcecode.swift; path = DetailViewController.swift; sourceTree = "<group>"; };
		B50A4A421C6558D800805006 /* DimmingPresentationController.swift */ = {isa = PBXFileReference; fileEncoding = 4; lastKnownFileType = sourcecode.swift; path = DimmingPresentationController.swift; sourceTree = "<group>"; };
		B575D5DF1C67FFB6001C00AF /* GradientView.swift */ = {isa = PBXFileReference; fileEncoding = 4; lastKnownFileType = sourcecode.swift; path = GradientView.swift; sourceTree = "<group>"; };
		B575D5E11C68F282001C00AF /* BounceAnimationController.swift */ = {isa = PBXFileReference; fileEncoding = 4; lastKnownFileType = sourcecode.swift; path = BounceAnimationController.swift; sourceTree = "<group>"; };
		B5F91A961C5D667C008E11AD /* StoreSearch.app */ = {isa = PBXFileReference; explicitFileType = wrapper.application; includeInIndex = 0; path = StoreSearch.app; sourceTree = BUILT_PRODUCTS_DIR; };
		B5F91A991C5D667C008E11AD /* AppDelegate.swift */ = {isa = PBXFileReference; lastKnownFileType = sourcecode.swift; path = AppDelegate.swift; sourceTree = "<group>"; };
		B5F91A9B1C5D667C008E11AD /* SearchViewController.swift */ = {isa = PBXFileReference; lastKnownFileType = sourcecode.swift; path = SearchViewController.swift; sourceTree = "<group>"; };
		B5F91A9E1C5D667C008E11AD /* Base */ = {isa = PBXFileReference; lastKnownFileType = file.storyboard; name = Base; path = Base.lproj/Main.storyboard; sourceTree = "<group>"; };
		B5F91AA01C5D667C008E11AD /* Assets.xcassets */ = {isa = PBXFileReference; lastKnownFileType = folder.assetcatalog; path = Assets.xcassets; sourceTree = "<group>"; };
		B5F91AA51C5D667C008E11AD /* Info.plist */ = {isa = PBXFileReference; lastKnownFileType = text.plist.xml; path = Info.plist; sourceTree = "<group>"; };
		B5F91AAB1C5E5C17008E11AD /* SearchResultCell.xib */ = {isa = PBXFileReference; fileEncoding = 4; lastKnownFileType = file.xib; path = SearchResultCell.xib; sourceTree = "<group>"; };
		B5F91AAF1C5E6E14008E11AD /* SearchResultCell.swift */ = {isa = PBXFileReference; fileEncoding = 4; lastKnownFileType = sourcecode.swift; path = SearchResultCell.swift; sourceTree = "<group>"; };
		B5F91AB11C5E7966008E11AD /* NothingFoundCell.xib */ = {isa = PBXFileReference; fileEncoding = 4; lastKnownFileType = file.xib; path = NothingFoundCell.xib; sourceTree = "<group>"; };
		B5FAAF291C625AC7008E7B37 /* LoadingCell.xib */ = {isa = PBXFileReference; fileEncoding = 4; lastKnownFileType = file.xib; path = LoadingCell.xib; sourceTree = "<group>"; };
/* End PBXFileReference section */

/* Begin PBXFrameworksBuildPhase section */
		B5F91A931C5D667C008E11AD /* Frameworks */ = {
			isa = PBXFrameworksBuildPhase;
			buildActionMask = 2147483647;
			files = (
			);
			runOnlyForDeploymentPostprocessing = 0;
		};
/* End PBXFrameworksBuildPhase section */

/* Begin PBXGroup section */
		B5F91A8D1C5D667C008E11AD = {
			isa = PBXGroup;
			children = (
				B5F91A981C5D667C008E11AD /* StoreSearch */,
				B5F91A971C5D667C008E11AD /* Products */,
			);
			sourceTree = "<group>";
		};
		B5F91A971C5D667C008E11AD /* Products */ = {
			isa = PBXGroup;
			children = (
				B5F91A961C5D667C008E11AD /* StoreSearch.app */,
			);
			name = Products;
			sourceTree = "<group>";
		};
		B5F91A981C5D667C008E11AD /* StoreSearch */ = {
			isa = PBXGroup;
			children = (
				B5FAAF291C625AC7008E7B37 /* LoadingCell.xib */,
				B5F91A991C5D667C008E11AD /* AppDelegate.swift */,
				B5F91A9B1C5D667C008E11AD /* SearchViewController.swift */,
				B50A4A421C6558D800805006 /* DimmingPresentationController.swift */,
				B50A4A401C6548D600805006 /* DetailViewController.swift */,
				B575D5E11C68F282001C00AF /* BounceAnimationController.swift */,
				B575D5DF1C67FFB6001C00AF /* GradientView.swift */,
				B5F91AB11C5E7966008E11AD /* NothingFoundCell.xib */,
				B5F91A9D1C5D667C008E11AD /* Main.storyboard */,
				B5F91AA01C5D667C008E11AD /* Assets.xcassets */,
				B5F91AAB1C5E5C17008E11AD /* SearchResultCell.xib */,
				B5F91AAF1C5E6E14008E11AD /* SearchResultCell.swift */,
				B50912BC1C650BCA00F82B77 /* UIImageView+DownloadImage.swift */,
				B5F91AA51C5D667C008E11AD /* Info.plist */,
			);
			path = StoreSearch;
			sourceTree = "<group>";
		};
/* End PBXGroup section */

/* Begin PBXNativeTarget section */
		B5F91A951C5D667C008E11AD /* StoreSearch */ = {
			isa = PBXNativeTarget;
			buildConfigurationList = B5F91AA81C5D667C008E11AD /* Build configuration list for PBXNativeTarget "StoreSearch" */;
			buildPhases = (
				B5F91A921C5D667C008E11AD /* Sources */,
				B5F91A931C5D667C008E11AD /* Frameworks */,
				B5F91A941C5D667C008E11AD /* Resources */,
			);
			buildRules = (
			);
			dependencies = (
			);
			name = StoreSearch;
			productName = StoreSearch;
			productReference = B5F91A961C5D667C008E11AD /* StoreSearch.app */;
			productType = "com.apple.product-type.application";
		};
/* End PBXNativeTarget section */

/* Begin PBXProject section */
		B5F91A8E1C5D667C008E11AD /* Project object */ = {
			isa = PBXProject;
			attributes = {
				LastUpgradeCheck = 0700;
				ORGANIZATIONNAME = Maxim;
				TargetAttributes = {
					B5F91A951C5D667C008E11AD = {
						CreatedOnToolsVersion = 7.0;
						DevelopmentTeam = 6L2SX9VHNH;
					};
				};
			};
			buildConfigurationList = B5F91A911C5D667C008E11AD /* Build configuration list for PBXProject "StoreSearch" */;
			compatibilityVersion = "Xcode 3.2";
			developmentRegion = English;
			hasScannedForEncodings = 0;
			knownRegions = (
				en,
				Base,
			);
			mainGroup = B5F91A8D1C5D667C008E11AD;
			productRefGroup = B5F91A971C5D667C008E11AD /* Products */;
			projectDirPath = "";
			projectRoot = "";
			targets = (
				B5F91A951C5D667C008E11AD /* StoreSearch */,
			);
		};
/* End PBXProject section */

/* Begin PBXResourcesBuildPhase section */
		B5F91A941C5D667C008E11AD /* Resources */ = {
			isa = PBXResourcesBuildPhase;
			buildActionMask = 2147483647;
			files = (
				B5F91AA11C5D667C008E11AD /* Assets.xcassets in Resources */,
				B5FAAF2A1C625AC7008E7B37 /* LoadingCell.xib in Resources */,
				B5F91AAC1C5E5C17008E11AD /* SearchResultCell.xib in Resources */,
				B5F91AB21C5E7966008E11AD /* NothingFoundCell.xib in Resources */,
				B5F91A9F1C5D667C008E11AD /* Main.storyboard in Resources */,
			);
			runOnlyForDeploymentPostprocessing = 0;
		};
/* End PBXResourcesBuildPhase section */

/* Begin PBXSourcesBuildPhase section */
		B5F91A921C5D667C008E11AD /* Sources */ = {
			isa = PBXSourcesBuildPhase;
			buildActionMask = 2147483647;
			files = (
				B50912BD1C650BCA00F82B77 /* UIImageView+DownloadImage.swift in Sources */,
				B5F91A9C1C5D667C008E11AD /* SearchViewController.swift in Sources */,
				B575D5E21C68F282001C00AF /* BounceAnimationController.swift in Sources */,
				B50A4A411C6548D600805006 /* DetailViewController.swift in Sources */,
				B5F91AB01C5E6E14008E11AD /* SearchResultCell.swift in Sources */,
				B575D5E01C67FFB6001C00AF /* GradientView.swift in Sources */,
				B5F91A9A1C5D667C008E11AD /* AppDelegate.swift in Sources */,
				B50A4A431C6558D800805006 /* DimmingPresentationController.swift in Sources */,
			);
			runOnlyForDeploymentPostprocessing = 0;
		};
/* End PBXSourcesBuildPhase section */

/* Begin PBXVariantGroup section */
		B5F91A9D1C5D667C008E11AD /* Main.storyboard */ = {
			isa = PBXVariantGroup;
			children = (
				B5F91A9E1C5D667C008E11AD /* Base */,
			);
			name = Main.storyboard;
			sourceTree = "<group>";
		};
/* End PBXVariantGroup section */

/* Begin XCBuildConfiguration section */
		B5F91AA61C5D667C008E11AD /* Debug */ = {
			isa = XCBuildConfiguration;
			buildSettings = {
				ALWAYS_SEARCH_USER_PATHS = NO;
				CLANG_CXX_LANGUAGE_STANDARD = "gnu++0x";
				CLANG_CXX_LIBRARY = "libc++";
				CLANG_ENABLE_MODULES = YES;
				CLANG_ENABLE_OBJC_ARC = YES;
				CLANG_WARN_BOOL_CONVERSION = YES;
				CLANG_WARN_CONSTANT_CONVERSION = YES;
				CLANG_WARN_DIRECT_OBJC_ISA_USAGE = YES_ERROR;
				CLANG_WARN_EMPTY_BODY = YES;
				CLANG_WARN_ENUM_CONVERSION = YES;
				CLANG_WARN_INT_CONVERSION = YES;
				CLANG_WARN_OBJC_ROOT_CLASS = YES_ERROR;
				CLANG_WARN_UNREACHABLE_CODE = YES;
				CLANG_WARN__DUPLICATE_METHOD_MATCH = YES;
				"CODE_SIGN_IDENTITY[sdk=iphoneos*]" = "iPhone Developer";
				COPY_PHASE_STRIP = NO;
				DEBUG_INFORMATION_FORMAT = dwarf;
				ENABLE_STRICT_OBJC_MSGSEND = YES;
				ENABLE_TESTABILITY = YES;
				GCC_C_LANGUAGE_STANDARD = gnu99;
				GCC_DYNAMIC_NO_PIC = NO;
				GCC_NO_COMMON_BLOCKS = YES;
				GCC_OPTIMIZATION_LEVEL = 0;
				GCC_PREPROCESSOR_DEFINITIONS = (
					"DEBUG=1",
					"$(inherited)",
				);
				GCC_WARN_64_TO_32_BIT_CONVERSION = YES;
				GCC_WARN_ABOUT_RETURN_TYPE = YES_ERROR;
				GCC_WARN_UNDECLARED_SELECTOR = YES;
				GCC_WARN_UNINITIALIZED_AUTOS = YES_AGGRESSIVE;
				GCC_WARN_UNUSED_FUNCTION = YES;
				GCC_WARN_UNUSED_VARIABLE = YES;
				IPHONEOS_DEPLOYMENT_TARGET = 9.0;
				MTL_ENABLE_DEBUG_INFO = YES;
				ONLY_ACTIVE_ARCH = YES;
				SDKROOT = iphoneos;
				SWIFT_OPTIMIZATION_LEVEL = "-Onone";
			};
			name = Debug;
		};
		B5F91AA71C5D667C008E11AD /* Release */ = {
			isa = XCBuildConfiguration;
			buildSettings = {
				ALWAYS_SEARCH_USER_PATHS = NO;
				CLANG_CXX_LANGUAGE_STANDARD = "gnu++0x";
				CLANG_CXX_LIBRARY = "libc++";
				CLANG_ENABLE_MODULES = YES;
				CLANG_ENABLE_OBJC_ARC = YES;
				CLANG_WARN_BOOL_CONVERSION = YES;
				CLANG_WARN_CONSTANT_CONVERSION = YES;
				CLANG_WARN_DIRECT_OBJC_ISA_USAGE = YES_ERROR;
				CLANG_WARN_EMPTY_BODY = YES;
				CLANG_WARN_ENUM_CONVERSION = YES;
				CLANG_WARN_INT_CONVERSION = YES;
				CLANG_WARN_OBJC_ROOT_CLASS = YES_ERROR;
				CLANG_WARN_UNREACHABLE_CODE = YES;
				CLANG_WARN__DUPLICATE_METHOD_MATCH = YES;
				"CODE_SIGN_IDENTITY[sdk=iphoneos*]" = "iPhone Developer";
				COPY_PHASE_STRIP = NO;
				DEBUG_INFORMATION_FORMAT = "dwarf-with-dsym";
				ENABLE_NS_ASSERTIONS = NO;
				ENABLE_STRICT_OBJC_MSGSEND = YES;
				GCC_C_LANGUAGE_STANDARD = gnu99;
				GCC_NO_COMMON_BLOCKS = YES;
				GCC_WARN_64_TO_32_BIT_CONVERSION = YES;
				GCC_WARN_ABOUT_RETURN_TYPE = YES_ERROR;
				GCC_WARN_UNDECLARED_SELECTOR = YES;
				GCC_WARN_UNINITIALIZED_AUTOS = YES_AGGRESSIVE;
				GCC_WARN_UNUSED_FUNCTION = YES;
				GCC_WARN_UNUSED_VARIABLE = YES;
				IPHONEOS_DEPLOYMENT_TARGET = 9.0;
				MTL_ENABLE_DEBUG_INFO = NO;
				SDKROOT = iphoneos;
				VALIDATE_PRODUCT = YES;
			};
			name = Release;
		};
		B5F91AA91C5D667C008E11AD /* Debug */ = {
			isa = XCBuildConfiguration;
			buildSettings = {
				ASSETCATALOG_COMPILER_APPICON_NAME = AppIcon;
				CODE_SIGN_IDENTITY = "iPhone Developer";
				"CODE_SIGN_IDENTITY[sdk=iphoneos*]" = "iPhone Developer";
				INFOPLIST_FILE = StoreSearch/Info.plist;
				IPHONEOS_DEPLOYMENT_TARGET = 7.0;
				LD_RUNPATH_SEARCH_PATHS = "$(inherited) @executable_path/Frameworks";
				PRODUCT_BUNDLE_IDENTIFIER = EmbeddedCompany.StoreSearch;
				PRODUCT_NAME = "$(TARGET_NAME)";
				PROVISIONING_PROFILE = "";
			};
			name = Debug;
		};
		B5F91AAA1C5D667C008E11AD /* Release */ = {
			isa = XCBuildConfiguration;
			buildSettings = {
				ASSETCATALOG_COMPILER_APPICON_NAME = AppIcon;
				CODE_SIGN_IDENTITY = "iPhone Developer";
				"CODE_SIGN_IDENTITY[sdk=iphoneos*]" = "iPhone Developer";
				INFOPLIST_FILE = StoreSearch/Info.plist;
				IPHONEOS_DEPLOYMENT_TARGET = 7.0;
				LD_RUNPATH_SEARCH_PATHS = "$(inherited) @executable_path/Frameworks";
				PRODUCT_BUNDLE_IDENTIFIER = EmbeddedCompany.StoreSearch;
				PRODUCT_NAME = "$(TARGET_NAME)";
				PROVISIONING_PROFILE = "";
			};
			name = Release;
		};
/* End XCBuildConfiguration section */

/* Begin XCConfigurationList section */
		B5F91A911C5D667C008E11AD /* Build configuration list for PBXProject "StoreSearch" */ = {
			isa = XCConfigurationList;
			buildConfigurations = (
				B5F91AA61C5D667C008E11AD /* Debug */,
				B5F91AA71C5D667C008E11AD /* Release */,
			);
			defaultConfigurationIsVisible = 0;
			defaultConfigurationName = Release;
		};
		B5F91AA81C5D667C008E11AD /* Build configuration list for PBXNativeTarget "StoreSearch" */ = {
			isa = XCConfigurationList;
			buildConfigurations = (
				B5F91AA91C5D667C008E11AD /* Debug */,
				B5F91AAA1C5D667C008E11AD /* Release */,
			);
			defaultConfigurationIsVisible = 0;
			defaultConfigurationName = Release;
		};
/* End XCConfigurationList section */
	};
	rootObject = B5F91A8E1C5D667C008E11AD /* Project object */;
}
